# This file is automatically @generated by Cargo.
# It is not intended for manual editing.
version = 3

[[package]]
name = "backspace"
version = "0.1.0"

[[package]]
name = "delimitersoup"
version = "0.1.0"

[[package]]
name = "everywhere"
version = "0.1.0"

[[package]]
name = "exam-rectangle"
version = "0.1.0"

[[package]]
name = "exam-toint"
version = "0.1.0"

[[package]]
name = "freefood"
version = "0.1.0"

[[package]]
name = "integerlists"
version = "0.1.0"

[[package]]
name = "oddities"
version = "0.1.0"

[[package]]
name = "recount"
version = "0.1.0"
